PODS:
  - AAPLAdvancedCollectionView (1.1.3)
  - FFXCollectionViewMasonryLayout (1.0.7)

DEPENDENCIES:
  - AAPLAdvancedCollectionView (from `https://github.com/empora/AAPLAdvancedCollectionView.git`)
  - FFXCollectionViewMasonryLayout (from `https://github.com/Empora/FFXCollectionViewMasonryLayout.git`)

EXTERNAL SOURCES:
  AAPLAdvancedCollectionView:
    :git: https://github.com/empora/AAPLAdvancedCollectionView.git
  FFXCollectionViewMasonryLayout:
    :git: https://github.com/Empora/FFXCollectionViewMasonryLayout.git

CHECKOUT OPTIONS:
  AAPLAdvancedCollectionView:
    :commit: 065563e2f08dbf5c826b226eb0c82e5b315ba716
    :git: https://github.com/empora/AAPLAdvancedCollectionView.git
  FFXCollectionViewMasonryLayout:
    :commit: f025c2c4d1b668ae5a1c66d31768f0170cfc0d21
    :git: https://github.com/Empora/FFXCollectionViewMasonryLayout.git

SPEC CHECKSUMS:
  AAPLAdvancedCollectionView: d44a83ab0892ea453343b1dd150ddf21afca027b
  FFXCollectionViewMasonryLayout: 827f575ddf1210799c8d8df19eb1aef3ca558687

COCOAPODS: 0.35.0
