PODS:
  - AAPLAdvancedCollectionView (1.1.3)
  - FFXCollectionViewMasonryLayout (1.0.6)

DEPENDENCIES:
  - AAPLAdvancedCollectionView (from `https://github.com/empora/AAPLAdvancedCollectionView.git`)
  - FFXCollectionViewMasonryLayout (from `https://github.com/Empora/FFXCollectionViewMasonryLayout.git`)

EXTERNAL SOURCES:
  AAPLAdvancedCollectionView:
    :git: https://github.com/empora/AAPLAdvancedCollectionView.git
  FFXCollectionViewMasonryLayout:
    :git: https://github.com/Empora/FFXCollectionViewMasonryLayout.git

CHECKOUT OPTIONS:
  AAPLAdvancedCollectionView:
    :commit: 065563e2f08dbf5c826b226eb0c82e5b315ba716
    :git: https://github.com/empora/AAPLAdvancedCollectionView.git
  FFXCollectionViewMasonryLayout:
    :commit: 07a78bc02097b1ab8eaff1370f85118942675681
    :git: https://github.com/Empora/FFXCollectionViewMasonryLayout.git

SPEC CHECKSUMS:
  AAPLAdvancedCollectionView: d44a83ab0892ea453343b1dd150ddf21afca027b
  FFXCollectionViewMasonryLayout: bfc6cc7c7e140fa881c7c99b826a9a5ebf96783b

COCOAPODS: 0.35.0
