PODS:
  - AAPLAdvancedCollectionView (1.1.12)
  - FFXCollectionViewMasonryLayout (1.0.8)

DEPENDENCIES:
  - AAPLAdvancedCollectionView (~> 1.1)
  - FFXCollectionViewMasonryLayout (from `https://github.com/Empora/FFXCollectionViewMasonryLayout.git`)

EXTERNAL SOURCES:
  FFXCollectionViewMasonryLayout:
    :git: https://github.com/Empora/FFXCollectionViewMasonryLayout.git

CHECKOUT OPTIONS:
  FFXCollectionViewMasonryLayout:
    :commit: 77c75455e500db62ef514ab8e5e17db193ca869c
    :git: https://github.com/Empora/FFXCollectionViewMasonryLayout.git

SPEC CHECKSUMS:
  AAPLAdvancedCollectionView: 4dc53ac263ab8bf785ce285bf4fb2711b2653d6f
  FFXCollectionViewMasonryLayout: 04b98ba5e9062093402f5dcd8e4dad85c1b1bb2e

COCOAPODS: 0.35.0
