// !$*UTF8*$!
{
	archiveVersion = 1;
	classes = {
	};
	objectVersion = 46;
	objects = {

/* Begin PBXBuildFile section */
		3BB4DB134E1C9D0A46CAF069 /* libPods-FFXmasonryAdvancedCollectionViewCompatibility.a in Frameworks */ = {isa = PBXBuildFile; fileRef = 4F133510B32EE44003BADC21 /* libPods-FFXmasonryAdvancedCollectionViewCompatibility.a */; };
		AF49781F1A8A6ABB00454F51 /* main.m in Sources */ = {isa = PBXBuildFile; fileRef = AF49781E1A8A6ABB00454F51 /* main.m */; };
		AF4978221A8A6ABB00454F51 /* AppDelegate.m in Sources */ = {isa = PBXBuildFile; fileRef = AF4978211A8A6ABB00454F51 /* AppDelegate.m */; };
		AF4978251A8A6ABB00454F51 /* ViewController.m in Sources */ = {isa = PBXBuildFile; fileRef = AF4978241A8A6ABB00454F51 /* ViewController.m */; };
		AF4978281A8A6ABB00454F51 /* Main.storyboard in Resources */ = {isa = PBXBuildFile; fileRef = AF4978261A8A6ABB00454F51 /* Main.storyboard */; };
		AF49782A1A8A6ABB00454F51 /* Images.xcassets in Resources */ = {isa = PBXBuildFile; fileRef = AF4978291A8A6ABB00454F51 /* Images.xcassets */; };
		AF49782D1A8A6ABB00454F51 /* LaunchScreen.xib in Resources */ = {isa = PBXBuildFile; fileRef = AF49782B1A8A6ABB00454F51 /* LaunchScreen.xib */; };
		AF4978391A8A6ABB00454F51 /* FFXmasonryAdvancedCollectionViewCompatibilityTests.m in Sources */ = {isa = PBXBuildFile; fileRef = AF4978381A8A6ABB00454F51 /* FFXmasonryAdvancedCollectionViewCompatibilityTests.m */; };
		AF4978481A8A6B8100454F51 /* FFXMasonryGridLayout.m in Sources */ = {isa = PBXBuildFile; fileRef = AF4978431A8A6B8100454F51 /* FFXMasonryGridLayout.m */; };
		AF4978491A8A6B8100454F51 /* FFXMasonryGridLayout.m in Sources */ = {isa = PBXBuildFile; fileRef = AF4978431A8A6B8100454F51 /* FFXMasonryGridLayout.m */; };
		AF49784A1A8A6B8100454F51 /* FFXMasonryGridLayoutInfo.m in Sources */ = {isa = PBXBuildFile; fileRef = AF4978451A8A6B8100454F51 /* FFXMasonryGridLayoutInfo.m */; };
		AF49784B1A8A6B8100454F51 /* FFXMasonryGridLayoutInfo.m in Sources */ = {isa = PBXBuildFile; fileRef = AF4978451A8A6B8100454F51 /* FFXMasonryGridLayoutInfo.m */; };
		AF49784C1A8A6B8100454F51 /* FFXMasonryGridLayoutSectionInfo.m in Sources */ = {isa = PBXBuildFile; fileRef = AF4978471A8A6B8100454F51 /* FFXMasonryGridLayoutSectionInfo.m */; };
		AF49784D1A8A6B8100454F51 /* FFXMasonryGridLayoutSectionInfo.m in Sources */ = {isa = PBXBuildFile; fileRef = AF4978471A8A6B8100454F51 /* FFXMasonryGridLayoutSectionInfo.m */; };
		AF4978521A8A6B8E00454F51 /* TestDatasource.m in Sources */ = {isa = PBXBuildFile; fileRef = AF49784F1A8A6B8E00454F51 /* TestDatasource.m */; };
		AF4978531A8A6B8E00454F51 /* TestDatasource.m in Sources */ = {isa = PBXBuildFile; fileRef = AF49784F1A8A6B8E00454F51 /* TestDatasource.m */; };
		AF4978541A8A6B8E00454F51 /* AnotherTestDatasource.m in Sources */ = {isa = PBXBuildFile; fileRef = AF4978511A8A6B8E00454F51 /* AnotherTestDatasource.m */; };
		AF4978551A8A6B8E00454F51 /* AnotherTestDatasource.m in Sources */ = {isa = PBXBuildFile; fileRef = AF4978511A8A6B8E00454F51 /* AnotherTestDatasource.m */; };
		AFF1EE551A934B5A0016D6C0 /* ViewController.m in Sources */ = {isa = PBXBuildFile; fileRef = AF4978241A8A6ABB00454F51 /* ViewController.m */; };
		AFF1EE561A934B680016D6C0 /* AppDelegate.m in Sources */ = {isa = PBXBuildFile; fileRef = AF4978211A8A6ABB00454F51 /* AppDelegate.m */; };
		AFF1EE571A934BCA0016D6C0 /* Main.storyboard in Resources */ = {isa = PBXBuildFile; fileRef = AF4978261A8A6ABB00454F51 /* Main.storyboard */; };
		B15D4DBBCD2BC3A52DFC8A66 /* libPods-FFXmasonryAdvancedCollectionViewCompatibilityTests.a in Frameworks */ = {isa = PBXBuildFile; fileRef = 90BE6BD9CE2595CBFA59C0B2 /* libPods-FFXmasonryAdvancedCollectionViewCompatibilityTests.a */; };
/* End PBXBuildFile section */

/* Begin PBXContainerItemProxy section */
		AF4978331A8A6ABB00454F51 /* PBXContainerItemProxy */ = {
			isa = PBXContainerItemProxy;
			containerPortal = AF4978111A8A6ABB00454F51 /* Project object */;
			proxyType = 1;
			remoteGlobalIDString = AF4978181A8A6ABB00454F51;
			remoteInfo = FFXmasonryAdvancedCollectionViewCompatibility;
		};
/* End PBXContainerItemProxy section */

/* Begin PBXFileReference section */
		278A716F242846B4027DE8AE /* Pods-FFXmasonryAdvancedCollectionViewCompatibility.debug.xcconfig */ = {isa = PBXFileReference; includeInIndex = 1; lastKnownFileType = text.xcconfig; name = "Pods-FFXmasonryAdvancedCollectionViewCompatibility.debug.xcconfig"; path = "Pods/Target Support Files/Pods-FFXmasonryAdvancedCollectionViewCompatibility/Pods-FFXmasonryAdvancedCollectionViewCompatibility.debug.xcconfig"; sourceTree = "<group>"; };
		36BFFB0AFC6895738D9490B1 /* Pods-FFXmasonryAdvancedCollectionViewCompatibilityTests.release.xcconfig */ = {isa = PBXFileReference; includeInIndex = 1; lastKnownFileType = text.xcconfig; name = "Pods-FFXmasonryAdvancedCollectionViewCompatibilityTests.release.xcconfig"; path = "Pods/Target Support Files/Pods-FFXmasonryAdvancedCollectionViewCompatibilityTests/Pods-FFXmasonryAdvancedCollectionViewCompatibilityTests.release.xcconfig"; sourceTree = "<group>"; };
		4F133510B32EE44003BADC21 /* libPods-FFXmasonryAdvancedCollectionViewCompatibility.a */ = {isa = PBXFileReference; explicitFileType = archive.ar; includeInIndex = 0; path = "libPods-FFXmasonryAdvancedCollectionViewCompatibility.a"; sourceTree = BUILT_PRODUCTS_DIR; };
		78D9F8BCEAD90408CDAED18C /* Pods-FFXmasonryAdvancedCollectionViewCompatibility.release.xcconfig */ = {isa = PBXFileReference; includeInIndex = 1; lastKnownFileType = text.xcconfig; name = "Pods-FFXmasonryAdvancedCollectionViewCompatibility.release.xcconfig"; path = "Pods/Target Support Files/Pods-FFXmasonryAdvancedCollectionViewCompatibility/Pods-FFXmasonryAdvancedCollectionViewCompatibility.release.xcconfig"; sourceTree = "<group>"; };
		90BE6BD9CE2595CBFA59C0B2 /* libPods-FFXmasonryAdvancedCollectionViewCompatibilityTests.a */ = {isa = PBXFileReference; explicitFileType = archive.ar; includeInIndex = 0; path = "libPods-FFXmasonryAdvancedCollectionViewCompatibilityTests.a"; sourceTree = BUILT_PRODUCTS_DIR; };
		AF4978191A8A6ABB00454F51 /* FFXmasonryAdvancedCollectionViewCompatibility.app */ = {isa = PBXFileReference; explicitFileType = wrapper.application; includeInIndex = 0; path = FFXmasonryAdvancedCollectionViewCompatibility.app; sourceTree = BUILT_PRODUCTS_DIR; };
		AF49781D1A8A6ABB00454F51 /* Info.plist */ = {isa = PBXFileReference; lastKnownFileType = text.plist.xml; path = Info.plist; sourceTree = "<group>"; };
		AF49781E1A8A6ABB00454F51 /* main.m */ = {isa = PBXFileReference; lastKnownFileType = sourcecode.c.objc; path = main.m; sourceTree = "<group>"; };
		AF4978201A8A6ABB00454F51 /* AppDelegate.h */ = {isa = PBXFileReference; lastKnownFileType = sourcecode.c.h; path = AppDelegate.h; sourceTree = "<group>"; };
		AF4978211A8A6ABB00454F51 /* AppDelegate.m */ = {isa = PBXFileReference; lastKnownFileType = sourcecode.c.objc; path = AppDelegate.m; sourceTree = "<group>"; };
		AF4978231A8A6ABB00454F51 /* ViewController.h */ = {isa = PBXFileReference; lastKnownFileType = sourcecode.c.h; path = ViewController.h; sourceTree = "<group>"; };
		AF4978241A8A6ABB00454F51 /* ViewController.m */ = {isa = PBXFileReference; lastKnownFileType = sourcecode.c.objc; path = ViewController.m; sourceTree = "<group>"; };
		AF4978271A8A6ABB00454F51 /* Base */ = {isa = PBXFileReference; lastKnownFileType = file.storyboard; name = Base; path = Base.lproj/Main.storyboard; sourceTree = "<group>"; };
		AF4978291A8A6ABB00454F51 /* Images.xcassets */ = {isa = PBXFileReference; lastKnownFileType = folder.assetcatalog; path = Images.xcassets; sourceTree = "<group>"; };
		AF49782C1A8A6ABB00454F51 /* Base */ = {isa = PBXFileReference; lastKnownFileType = file.xib; name = Base; path = Base.lproj/LaunchScreen.xib; sourceTree = "<group>"; };
		AF4978321A8A6ABB00454F51 /* FFXmasonryAdvancedCollectionViewCompatibilityTests.xctest */ = {isa = PBXFileReference; explicitFileType = wrapper.cfbundle; includeInIndex = 0; path = FFXmasonryAdvancedCollectionViewCompatibilityTests.xctest; sourceTree = BUILT_PRODUCTS_DIR; };
		AF4978371A8A6ABB00454F51 /* Info.plist */ = {isa = PBXFileReference; lastKnownFileType = text.plist.xml; path = Info.plist; sourceTree = "<group>"; };
		AF4978381A8A6ABB00454F51 /* FFXmasonryAdvancedCollectionViewCompatibilityTests.m */ = {isa = PBXFileReference; lastKnownFileType = sourcecode.c.objc; path = FFXmasonryAdvancedCollectionViewCompatibilityTests.m; sourceTree = "<group>"; };
		AF4978421A8A6B8100454F51 /* FFXMasonryGridLayout.h */ = {isa = PBXFileReference; fileEncoding = 4; lastKnownFileType = sourcecode.c.h; path = FFXMasonryGridLayout.h; sourceTree = "<group>"; };
		AF4978431A8A6B8100454F51 /* FFXMasonryGridLayout.m */ = {isa = PBXFileReference; fileEncoding = 4; lastKnownFileType = sourcecode.c.objc; path = FFXMasonryGridLayout.m; sourceTree = "<group>"; };
		AF4978441A8A6B8100454F51 /* FFXMasonryGridLayoutInfo.h */ = {isa = PBXFileReference; fileEncoding = 4; lastKnownFileType = sourcecode.c.h; path = FFXMasonryGridLayoutInfo.h; sourceTree = "<group>"; };
		AF4978451A8A6B8100454F51 /* FFXMasonryGridLayoutInfo.m */ = {isa = PBXFileReference; fileEncoding = 4; lastKnownFileType = sourcecode.c.objc; path = FFXMasonryGridLayoutInfo.m; sourceTree = "<group>"; };
		AF4978461A8A6B8100454F51 /* FFXMasonryGridLayoutSectionInfo.h */ = {isa = PBXFileReference; fileEncoding = 4; lastKnownFileType = sourcecode.c.h; path = FFXMasonryGridLayoutSectionInfo.h; sourceTree = "<group>"; };
		AF4978471A8A6B8100454F51 /* FFXMasonryGridLayoutSectionInfo.m */ = {isa = PBXFileReference; fileEncoding = 4; lastKnownFileType = sourcecode.c.objc; path = FFXMasonryGridLayoutSectionInfo.m; sourceTree = "<group>"; };
		AF49784E1A8A6B8E00454F51 /* TestDatasource.h */ = {isa = PBXFileReference; fileEncoding = 4; lastKnownFileType = sourcecode.c.h; path = TestDatasource.h; sourceTree = "<group>"; };
		AF49784F1A8A6B8E00454F51 /* TestDatasource.m */ = {isa = PBXFileReference; fileEncoding = 4; lastKnownFileType = sourcecode.c.objc; path = TestDatasource.m; sourceTree = "<group>"; };
		AF4978501A8A6B8E00454F51 /* AnotherTestDatasource.h */ = {isa = PBXFileReference; fileEncoding = 4; lastKnownFileType = sourcecode.c.h; path = AnotherTestDatasource.h; sourceTree = "<group>"; };
		AF4978511A8A6B8E00454F51 /* AnotherTestDatasource.m */ = {isa = PBXFileReference; fileEncoding = 4; lastKnownFileType = sourcecode.c.objc; path = AnotherTestDatasource.m; sourceTree = "<group>"; };
		AF4978561A8A6E0F00454F51 /* LICENSE.txt */ = {isa = PBXFileReference; lastKnownFileType = text; path = LICENSE.txt; sourceTree = "<group>"; };
		D23F36E0533D370420BB281B /* Pods-FFXmasonryAdvancedCollectionViewCompatibilityTests.debug.xcconfig */ = {isa = PBXFileReference; includeInIndex = 1; lastKnownFileType = text.xcconfig; name = "Pods-FFXmasonryAdvancedCollectionViewCompatibilityTests.debug.xcconfig"; path = "Pods/Target Support Files/Pods-FFXmasonryAdvancedCollectionViewCompatibilityTests/Pods-FFXmasonryAdvancedCollectionViewCompatibilityTests.debug.xcconfig"; sourceTree = "<group>"; };
/* End PBXFileReference section */

/* Begin PBXFrameworksBuildPhase section */
		AF4978161A8A6ABB00454F51 /* Frameworks */ = {
			isa = PBXFrameworksBuildPhase;
			buildActionMask = 2147483647;
			files = (
				3BB4DB134E1C9D0A46CAF069 /* libPods-FFXmasonryAdvancedCollectionViewCompatibility.a in Frameworks */,
			);
			runOnlyForDeploymentPostprocessing = 0;
		};
		AF49782F1A8A6ABB00454F51 /* Frameworks */ = {
			isa = PBXFrameworksBuildPhase;
			buildActionMask = 2147483647;
			files = (
				B15D4DBBCD2BC3A52DFC8A66 /* libPods-FFXmasonryAdvancedCollectionViewCompatibilityTests.a in Frameworks */,
			);
			runOnlyForDeploymentPostprocessing = 0;
		};
/* End PBXFrameworksBuildPhase section */

/* Begin PBXGroup section */
		5EC44F45CA0A31F3BACCE4C2 /* Frameworks */ = {
			isa = PBXGroup;
			children = (
				4F133510B32EE44003BADC21 /* libPods-FFXmasonryAdvancedCollectionViewCompatibility.a */,
				90BE6BD9CE2595CBFA59C0B2 /* libPods-FFXmasonryAdvancedCollectionViewCompatibilityTests.a */,
			);
			name = Frameworks;
			sourceTree = "<group>";
		};
		AF4978101A8A6ABB00454F51 = {
			isa = PBXGroup;
			children = (
				AF49781B1A8A6ABB00454F51 /* FFXmasonryAdvancedCollectionViewCompatibility */,
				AF4978351A8A6ABB00454F51 /* FFXmasonryAdvancedCollectionViewCompatibilityTests */,
				AF49781A1A8A6ABB00454F51 /* Products */,
				EA5B0E7647CECD2CBCC358EB /* Pods */,
				5EC44F45CA0A31F3BACCE4C2 /* Frameworks */,
			);
			sourceTree = "<group>";
		};
		AF49781A1A8A6ABB00454F51 /* Products */ = {
			isa = PBXGroup;
			children = (
				AF4978191A8A6ABB00454F51 /* FFXmasonryAdvancedCollectionViewCompatibility.app */,
				AF4978321A8A6ABB00454F51 /* FFXmasonryAdvancedCollectionViewCompatibilityTests.xctest */,
			);
			name = Products;
			sourceTree = "<group>";
		};
		AF49781B1A8A6ABB00454F51 /* FFXmasonryAdvancedCollectionViewCompatibility */ = {
			isa = PBXGroup;
			children = (
				AF4978561A8A6E0F00454F51 /* LICENSE.txt */,
				AF4978201A8A6ABB00454F51 /* AppDelegate.h */,
				AF4978211A8A6ABB00454F51 /* AppDelegate.m */,
				AF4978231A8A6ABB00454F51 /* ViewController.h */,
				AF4978241A8A6ABB00454F51 /* ViewController.m */,
				AF49784E1A8A6B8E00454F51 /* TestDatasource.h */,
				AF49784F1A8A6B8E00454F51 /* TestDatasource.m */,
				AF4978421A8A6B8100454F51 /* FFXMasonryGridLayout.h */,
				AF4978431A8A6B8100454F51 /* FFXMasonryGridLayout.m */,
				AF4978441A8A6B8100454F51 /* FFXMasonryGridLayoutInfo.h */,
				AF4978451A8A6B8100454F51 /* FFXMasonryGridLayoutInfo.m */,
				AF4978461A8A6B8100454F51 /* FFXMasonryGridLayoutSectionInfo.h */,
				AF4978471A8A6B8100454F51 /* FFXMasonryGridLayoutSectionInfo.m */,
				AF4978501A8A6B8E00454F51 /* AnotherTestDatasource.h */,
				AF4978511A8A6B8E00454F51 /* AnotherTestDatasource.m */,
				AF4978261A8A6ABB00454F51 /* Main.storyboard */,
				AF4978291A8A6ABB00454F51 /* Images.xcassets */,
				AF49782B1A8A6ABB00454F51 /* LaunchScreen.xib */,
				AF49781C1A8A6ABB00454F51 /* Supporting Files */,
			);
			path = FFXmasonryAdvancedCollectionViewCompatibility;
			sourceTree = "<group>";
		};
		AF49781C1A8A6ABB00454F51 /* Supporting Files */ = {
			isa = PBXGroup;
			children = (
				AF49781D1A8A6ABB00454F51 /* Info.plist */,
				AF49781E1A8A6ABB00454F51 /* main.m */,
			);
			name = "Supporting Files";
			sourceTree = "<group>";
		};
		AF4978351A8A6ABB00454F51 /* FFXmasonryAdvancedCollectionViewCompatibilityTests */ = {
			isa = PBXGroup;
			children = (
				AF4978381A8A6ABB00454F51 /* FFXmasonryAdvancedCollectionViewCompatibilityTests.m */,
				AF4978361A8A6ABB00454F51 /* Supporting Files */,
			);
			path = FFXmasonryAdvancedCollectionViewCompatibilityTests;
			sourceTree = "<group>";
		};
		AF4978361A8A6ABB00454F51 /* Supporting Files */ = {
			isa = PBXGroup;
			children = (
				AF4978371A8A6ABB00454F51 /* Info.plist */,
			);
			name = "Supporting Files";
			sourceTree = "<group>";
		};
		EA5B0E7647CECD2CBCC358EB /* Pods */ = {
			isa = PBXGroup;
			children = (
				278A716F242846B4027DE8AE /* Pods-FFXmasonryAdvancedCollectionViewCompatibility.debug.xcconfig */,
				78D9F8BCEAD90408CDAED18C /* Pods-FFXmasonryAdvancedCollectionViewCompatibility.release.xcconfig */,
				D23F36E0533D370420BB281B /* Pods-FFXmasonryAdvancedCollectionViewCompatibilityTests.debug.xcconfig */,
				36BFFB0AFC6895738D9490B1 /* Pods-FFXmasonryAdvancedCollectionViewCompatibilityTests.release.xcconfig */,
			);
			name = Pods;
			sourceTree = "<group>";
		};
/* End PBXGroup section */

/* Begin PBXNativeTarget section */
		AF4978181A8A6ABB00454F51 /* FFXmasonryAdvancedCollectionViewCompatibility */ = {
			isa = PBXNativeTarget;
			buildConfigurationList = AF49783C1A8A6ABB00454F51 /* Build configuration list for PBXNativeTarget "FFXmasonryAdvancedCollectionViewCompatibility" */;
			buildPhases = (
				D4BC34E29BF9A754A7108256 /* Check Pods Manifest.lock */,
				AF4978151A8A6ABB00454F51 /* Sources */,
				AF4978161A8A6ABB00454F51 /* Frameworks */,
				AF4978171A8A6ABB00454F51 /* Resources */,
				0DDDCBA80ECC900CF5CD43A5 /* Copy Pods Resources */,
			);
			buildRules = (
			);
			dependencies = (
			);
			name = FFXmasonryAdvancedCollectionViewCompatibility;
			productName = FFXmasonryAdvancedCollectionViewCompatibility;
			productReference = AF4978191A8A6ABB00454F51 /* FFXmasonryAdvancedCollectionViewCompatibility.app */;
			productType = "com.apple.product-type.application";
		};
		AF4978311A8A6ABB00454F51 /* FFXmasonryAdvancedCollectionViewCompatibilityTests */ = {
			isa = PBXNativeTarget;
			buildConfigurationList = AF49783F1A8A6ABB00454F51 /* Build configuration list for PBXNativeTarget "FFXmasonryAdvancedCollectionViewCompatibilityTests" */;
			buildPhases = (
				DE7894568AD4CD4C24B50258 /* Check Pods Manifest.lock */,
				AF49782E1A8A6ABB00454F51 /* Sources */,
				AF49782F1A8A6ABB00454F51 /* Frameworks */,
				AF4978301A8A6ABB00454F51 /* Resources */,
				166B4133F99DEBD11750D52C /* Copy Pods Resources */,
			);
			buildRules = (
			);
			dependencies = (
				AF4978341A8A6ABB00454F51 /* PBXTargetDependency */,
			);
			name = FFXmasonryAdvancedCollectionViewCompatibilityTests;
			productName = FFXmasonryAdvancedCollectionViewCompatibilityTests;
			productReference = AF4978321A8A6ABB00454F51 /* FFXmasonryAdvancedCollectionViewCompatibilityTests.xctest */;
			productType = "com.apple.product-type.bundle.unit-test";
		};
/* End PBXNativeTarget section */

/* Begin PBXProject section */
		AF4978111A8A6ABB00454F51 /* Project object */ = {
			isa = PBXProject;
			attributes = {
				LastUpgradeCheck = 0610;
				ORGANIZATIONNAME = Empora;
				TargetAttributes = {
					AF4978181A8A6ABB00454F51 = {
						CreatedOnToolsVersion = 6.1.1;
					};
					AF4978311A8A6ABB00454F51 = {
						CreatedOnToolsVersion = 6.1.1;
						TestTargetID = AF4978181A8A6ABB00454F51;
					};
				};
			};
			buildConfigurationList = AF4978141A8A6ABB00454F51 /* Build configuration list for PBXProject "FFXmasonryAdvancedCollectionViewCompatibility" */;
			compatibilityVersion = "Xcode 3.2";
			developmentRegion = English;
			hasScannedForEncodings = 0;
			knownRegions = (
				en,
				Base,
			);
			mainGroup = AF4978101A8A6ABB00454F51;
			productRefGroup = AF49781A1A8A6ABB00454F51 /* Products */;
			projectDirPath = "";
			projectRoot = "";
			targets = (
				AF4978181A8A6ABB00454F51 /* FFXmasonryAdvancedCollectionViewCompatibility */,
				AF4978311A8A6ABB00454F51 /* FFXmasonryAdvancedCollectionViewCompatibilityTests */,
			);
		};
/* End PBXProject section */

/* Begin PBXResourcesBuildPhase section */
		AF4978171A8A6ABB00454F51 /* Resources */ = {
			isa = PBXResourcesBuildPhase;
			buildActionMask = 2147483647;
			files = (
				AF4978281A8A6ABB00454F51 /* Main.storyboard in Resources */,
				AF49782D1A8A6ABB00454F51 /* LaunchScreen.xib in Resources */,
				AF49782A1A8A6ABB00454F51 /* Images.xcassets in Resources */,
			);
			runOnlyForDeploymentPostprocessing = 0;
		};
		AF4978301A8A6ABB00454F51 /* Resources */ = {
			isa = PBXResourcesBuildPhase;
			buildActionMask = 2147483647;
			files = (
				AFF1EE571A934BCA0016D6C0 /* Main.storyboard in Resources */,
			);
			runOnlyForDeploymentPostprocessing = 0;
		};
/* End PBXResourcesBuildPhase section */

/* Begin PBXShellScriptBuildPhase section */
		0DDDCBA80ECC900CF5CD43A5 /* Copy Pods Resources */ = {
			isa = PBXShellScriptBuildPhase;
			buildActionMask = 2147483647;
			files = (
			);
			inputPaths = (
			);
			name = "Copy Pods Resources";
			outputPaths = (
			);
			runOnlyForDeploymentPostprocessing = 0;
			shellPath = /bin/sh;
			shellScript = "\"${SRCROOT}/Pods/Target Support Files/Pods-FFXmasonryAdvancedCollectionViewCompatibility/Pods-FFXmasonryAdvancedCollectionViewCompatibility-resources.sh\"\n";
			showEnvVarsInLog = 0;
		};
		166B4133F99DEBD11750D52C /* Copy Pods Resources */ = {
			isa = PBXShellScriptBuildPhase;
			buildActionMask = 2147483647;
			files = (
			);
			inputPaths = (
			);
			name = "Copy Pods Resources";
			outputPaths = (
			);
			runOnlyForDeploymentPostprocessing = 0;
			shellPath = /bin/sh;
			shellScript = "\"${SRCROOT}/Pods/Target Support Files/Pods-FFXmasonryAdvancedCollectionViewCompatibilityTests/Pods-FFXmasonryAdvancedCollectionViewCompatibilityTests-resources.sh\"\n";
			showEnvVarsInLog = 0;
		};
		D4BC34E29BF9A754A7108256 /* Check Pods Manifest.lock */ = {
			isa = PBXShellScriptBuildPhase;
			buildActionMask = 2147483647;
			files = (
			);
			inputPaths = (
			);
			name = "Check Pods Manifest.lock";
			outputPaths = (
			);
			runOnlyForDeploymentPostprocessing = 0;
			shellPath = /bin/sh;
			shellScript = "diff \"${PODS_ROOT}/../Podfile.lock\" \"${PODS_ROOT}/Manifest.lock\" > /dev/null\nif [[ $? != 0 ]] ; then\n    cat << EOM\nerror: The sandbox is not in sync with the Podfile.lock. Run 'pod install' or update your CocoaPods installation.\nEOM\n    exit 1\nfi\n";
			showEnvVarsInLog = 0;
		};
		DE7894568AD4CD4C24B50258 /* Check Pods Manifest.lock */ = {
			isa = PBXShellScriptBuildPhase;
			buildActionMask = 2147483647;
			files = (
			);
			inputPaths = (
			);
			name = "Check Pods Manifest.lock";
			outputPaths = (
			);
			runOnlyForDeploymentPostprocessing = 0;
			shellPath = /bin/sh;
			shellScript = "diff \"${PODS_ROOT}/../Podfile.lock\" \"${PODS_ROOT}/Manifest.lock\" > /dev/null\nif [[ $? != 0 ]] ; then\n    cat << EOM\nerror: The sandbox is not in sync with the Podfile.lock. Run 'pod install' or update your CocoaPods installation.\nEOM\n    exit 1\nfi\n";
			showEnvVarsInLog = 0;
		};
/* End PBXShellScriptBuildPhase section */

/* Begin PBXSourcesBuildPhase section */
		AF4978151A8A6ABB00454F51 /* Sources */ = {
			isa = PBXSourcesBuildPhase;
			buildActionMask = 2147483647;
			files = (
				AF4978251A8A6ABB00454F51 /* ViewController.m in Sources */,
				AF4978221A8A6ABB00454F51 /* AppDelegate.m in Sources */,
				AF49784A1A8A6B8100454F51 /* FFXMasonryGridLayoutInfo.m in Sources */,
				AF4978481A8A6B8100454F51 /* FFXMasonryGridLayout.m in Sources */,
				AF4978521A8A6B8E00454F51 /* TestDatasource.m in Sources */,
				AF49784C1A8A6B8100454F51 /* FFXMasonryGridLayoutSectionInfo.m in Sources */,
				AF4978541A8A6B8E00454F51 /* AnotherTestDatasource.m in Sources */,
				AF49781F1A8A6ABB00454F51 /* main.m in Sources */,
			);
			runOnlyForDeploymentPostprocessing = 0;
		};
		AF49782E1A8A6ABB00454F51 /* Sources */ = {
			isa = PBXSourcesBuildPhase;
			buildActionMask = 2147483647;
			files = (
				AFF1EE561A934B680016D6C0 /* AppDelegate.m in Sources */,
				AFF1EE551A934B5A0016D6C0 /* ViewController.m in Sources */,
				AF4978551A8A6B8E00454F51 /* AnotherTestDatasource.m in Sources */,
				AF49784B1A8A6B8100454F51 /* FFXMasonryGridLayoutInfo.m in Sources */,
				AF4978491A8A6B8100454F51 /* FFXMasonryGridLayout.m in Sources */,
				AF49784D1A8A6B8100454F51 /* FFXMasonryGridLayoutSectionInfo.m in Sources */,
				AF4978531A8A6B8E00454F51 /* TestDatasource.m in Sources */,
				AF4978391A8A6ABB00454F51 /* FFXmasonryAdvancedCollectionViewCompatibilityTests.m in Sources */,
			);
			runOnlyForDeploymentPostprocessing = 0;
		};
/* End PBXSourcesBuildPhase section */

/* Begin PBXTargetDependency section */
		AF4978341A8A6ABB00454F51 /* PBXTargetDependency */ = {
			isa = PBXTargetDependency;
			target = AF4978181A8A6ABB00454F51 /* FFXmasonryAdvancedCollectionViewCompatibility */;
			targetProxy = AF4978331A8A6ABB00454F51 /* PBXContainerItemProxy */;
		};
/* End PBXTargetDependency section */

/* Begin PBXVariantGroup section */
		AF4978261A8A6ABB00454F51 /* Main.storyboard */ = {
			isa = PBXVariantGroup;
			children = (
				AF4978271A8A6ABB00454F51 /* Base */,
			);
			name = Main.storyboard;
			sourceTree = "<group>";
		};
		AF49782B1A8A6ABB00454F51 /* LaunchScreen.xib */ = {
			isa = PBXVariantGroup;
			children = (
				AF49782C1A8A6ABB00454F51 /* Base */,
			);
			name = LaunchScreen.xib;
			sourceTree = "<group>";
		};
/* End PBXVariantGroup section */

/* Begin XCBuildConfiguration section */
		AF49783A1A8A6ABB00454F51 /* Debug */ = {
			isa = XCBuildConfiguration;
			buildSettings = {
				ALWAYS_SEARCH_USER_PATHS = NO;
				CLANG_CXX_LANGUAGE_STANDARD = "gnu++0x";
				CLANG_CXX_LIBRARY = "libc++";
				CLANG_ENABLE_MODULES = YES;
				CLANG_ENABLE_OBJC_ARC = YES;
				CLANG_WARN_BOOL_CONVERSION = YES;
				CLANG_WARN_CONSTANT_CONVERSION = YES;
				CLANG_WARN_DIRECT_OBJC_ISA_USAGE = YES_ERROR;
				CLANG_WARN_EMPTY_BODY = YES;
				CLANG_WARN_ENUM_CONVERSION = YES;
				CLANG_WARN_INT_CONVERSION = YES;
				CLANG_WARN_OBJC_ROOT_CLASS = YES_ERROR;
				CLANG_WARN_UNREACHABLE_CODE = YES;
				CLANG_WARN__DUPLICATE_METHOD_MATCH = YES;
				"CODE_SIGN_IDENTITY[sdk=iphoneos*]" = "iPhone Developer";
				COPY_PHASE_STRIP = NO;
				ENABLE_STRICT_OBJC_MSGSEND = YES;
				GCC_C_LANGUAGE_STANDARD = gnu99;
				GCC_DYNAMIC_NO_PIC = NO;
				GCC_OPTIMIZATION_LEVEL = 0;
				GCC_PREPROCESSOR_DEFINITIONS = (
					"DEBUG=1",
					"$(inherited)",
				);
				GCC_SYMBOLS_PRIVATE_EXTERN = NO;
				GCC_WARN_64_TO_32_BIT_CONVERSION = YES;
				GCC_WARN_ABOUT_RETURN_TYPE = YES_ERROR;
				GCC_WARN_UNDECLARED_SELECTOR = YES;
				GCC_WARN_UNINITIALIZED_AUTOS = YES_AGGRESSIVE;
				GCC_WARN_UNUSED_FUNCTION = YES;
				GCC_WARN_UNUSED_VARIABLE = YES;
				IPHONEOS_DEPLOYMENT_TARGET = 8.1;
				MTL_ENABLE_DEBUG_INFO = YES;
				ONLY_ACTIVE_ARCH = YES;
				SDKROOT = iphoneos;
				TARGETED_DEVICE_FAMILY = "1,2";
			};
			name = Debug;
		};
		AF49783B1A8A6ABB00454F51 /* Release */ = {
			isa = XCBuildConfiguration;
			buildSettings = {
				ALWAYS_SEARCH_USER_PATHS = NO;
				CLANG_CXX_LANGUAGE_STANDARD = "gnu++0x";
				CLANG_CXX_LIBRARY = "libc++";
				CLANG_ENABLE_MODULES = YES;
				CLANG_ENABLE_OBJC_ARC = YES;
				CLANG_WARN_BOOL_CONVERSION = YES;
				CLANG_WARN_CONSTANT_CONVERSION = YES;
				CLANG_WARN_DIRECT_OBJC_ISA_USAGE = YES_ERROR;
				CLANG_WARN_EMPTY_BODY = YES;
				CLANG_WARN_ENUM_CONVERSION = YES;
				CLANG_WARN_INT_CONVERSION = YES;
				CLANG_WARN_OBJC_ROOT_CLASS = YES_ERROR;
				CLANG_WARN_UNREACHABLE_CODE = YES;
				CLANG_WARN__DUPLICATE_METHOD_MATCH = YES;
				"CODE_SIGN_IDENTITY[sdk=iphoneos*]" = "iPhone Developer";
				COPY_PHASE_STRIP = YES;
				ENABLE_NS_ASSERTIONS = NO;
				ENABLE_STRICT_OBJC_MSGSEND = YES;
				GCC_C_LANGUAGE_STANDARD = gnu99;
				GCC_WARN_64_TO_32_BIT_CONVERSION = YES;
				GCC_WARN_ABOUT_RETURN_TYPE = YES_ERROR;
				GCC_WARN_UNDECLARED_SELECTOR = YES;
				GCC_WARN_UNINITIALIZED_AUTOS = YES_AGGRESSIVE;
				GCC_WARN_UNUSED_FUNCTION = YES;
				GCC_WARN_UNUSED_VARIABLE = YES;
				IPHONEOS_DEPLOYMENT_TARGET = 8.1;
				MTL_ENABLE_DEBUG_INFO = NO;
				SDKROOT = iphoneos;
				TARGETED_DEVICE_FAMILY = "1,2";
				VALIDATE_PRODUCT = YES;
			};
			name = Release;
		};
		AF49783D1A8A6ABB00454F51 /* Debug */ = {
			isa = XCBuildConfiguration;
			baseConfigurationReference = 278A716F242846B4027DE8AE /* Pods-FFXmasonryAdvancedCollectionViewCompatibility.debug.xcconfig */;
			buildSettings = {
				ASSETCATALOG_COMPILER_APPICON_NAME = AppIcon;
				INFOPLIST_FILE = FFXmasonryAdvancedCollectionViewCompatibility/Info.plist;
				LD_RUNPATH_SEARCH_PATHS = "$(inherited) @executable_path/Frameworks";
				PRODUCT_NAME = "$(TARGET_NAME)";
			};
			name = Debug;
		};
		AF49783E1A8A6ABB00454F51 /* Release */ = {
			isa = XCBuildConfiguration;
			baseConfigurationReference = 78D9F8BCEAD90408CDAED18C /* Pods-FFXmasonryAdvancedCollectionViewCompatibility.release.xcconfig */;
			buildSettings = {
				ASSETCATALOG_COMPILER_APPICON_NAME = AppIcon;
				INFOPLIST_FILE = FFXmasonryAdvancedCollectionViewCompatibility/Info.plist;
				LD_RUNPATH_SEARCH_PATHS = "$(inherited) @executable_path/Frameworks";
				PRODUCT_NAME = "$(TARGET_NAME)";
			};
			name = Release;
		};
		AF4978401A8A6ABB00454F51 /* Debug */ = {
			isa = XCBuildConfiguration;
			baseConfigurationReference = D23F36E0533D370420BB281B /* Pods-FFXmasonryAdvancedCollectionViewCompatibilityTests.debug.xcconfig */;
			buildSettings = {
				BUNDLE_LOADER = "$(TEST_HOST)";
				FRAMEWORK_SEARCH_PATHS = (
					"$(SDKROOT)/Developer/Library/Frameworks",
					"$(inherited)",
				);
				GCC_PREPROCESSOR_DEFINITIONS = (
					"DEBUG=1",
					"$(inherited)",
				);
				INFOPLIST_FILE = FFXmasonryAdvancedCollectionViewCompatibilityTests/Info.plist;
				LD_RUNPATH_SEARCH_PATHS = "$(inherited) @executable_path/Frameworks @loader_path/Frameworks";
				PRODUCT_NAME = "$(TARGET_NAME)";
				TEST_HOST = "$(BUILT_PRODUCTS_DIR)/FFXmasonryAdvancedCollectionViewCompatibility.app/FFXmasonryAdvancedCollectionViewCompatibility";
			};
			name = Debug;
		};
		AF4978411A8A6ABB00454F51 /* Release */ = {
			isa = XCBuildConfiguration;
			baseConfigurationReference = 36BFFB0AFC6895738D9490B1 /* Pods-FFXmasonryAdvancedCollectionViewCompatibilityTests.release.xcconfig */;
			buildSettings = {
				BUNDLE_LOADER = "$(TEST_HOST)";
				FRAMEWORK_SEARCH_PATHS = (
					"$(SDKROOT)/Developer/Library/Frameworks",
					"$(inherited)",
				);
				INFOPLIST_FILE = FFXmasonryAdvancedCollectionViewCompatibilityTests/Info.plist;
				LD_RUNPATH_SEARCH_PATHS = "$(inherited) @executable_path/Frameworks @loader_path/Frameworks";
				PRODUCT_NAME = "$(TARGET_NAME)";
				TEST_HOST = "$(BUILT_PRODUCTS_DIR)/FFXmasonryAdvancedCollectionViewCompatibility.app/FFXmasonryAdvancedCollectionViewCompatibility";
			};
			name = Release;
		};
/* End XCBuildConfiguration section */

/* Begin XCConfigurationList section */
		AF4978141A8A6ABB00454F51 /* Build configuration list for PBXProject "FFXmasonryAdvancedCollectionViewCompatibility" */ = {
			isa = XCConfigurationList;
			buildConfigurations = (
				AF49783A1A8A6ABB00454F51 /* Debug */,
				AF49783B1A8A6ABB00454F51 /* Release */,
			);
			defaultConfigurationIsVisible = 0;
			defaultConfigurationName = Release;
		};
		AF49783C1A8A6ABB00454F51 /* Build configuration list for PBXNativeTarget "FFXmasonryAdvancedCollectionViewCompatibility" */ = {
			isa = XCConfigurationList;
			buildConfigurations = (
				AF49783D1A8A6ABB00454F51 /* Debug */,
				AF49783E1A8A6ABB00454F51 /* Release */,
			);
			defaultConfigurationIsVisible = 0;
			defaultConfigurationName = Release;
		};
		AF49783F1A8A6ABB00454F51 /* Build configuration list for PBXNativeTarget "FFXmasonryAdvancedCollectionViewCompatibilityTests" */ = {
			isa = XCConfigurationList;
			buildConfigurations = (
				AF4978401A8A6ABB00454F51 /* Debug */,
				AF4978411A8A6ABB00454F51 /* Release */,
			);
			defaultConfigurationIsVisible = 0;
			defaultConfigurationName = Release;
		};
/* End XCConfigurationList section */
	};
	rootObject = AF4978111A8A6ABB00454F51 /* Project object */;
}
